
Microsoft Visual Studio Solution File, Format Version 12.00
Project("{2150E333-8FDC-42A3-9474-1A3956D46DE8}") = "integrationTests", "integrationTests", "{13B7139E-2034-4A12-BA1D-ABF5188D4459}"
EndProject
Project("{2150E333-8FDC-42A3-9474-1A3956D46DE8}") = "examples", "examples", "{068999AD-D770-4D93-920D-4BC706858295}"
EndProject
Project("{FAE04EC0-301F-11D3-BF4B-00C04F79EFBC}") = "ValideraFx.Core", "ValideraFx.Core\ValideraFx.Core.csproj", "{8A226FFA-3C98-4050-9FAB-445C8A6047AD}"
EndProject
Project("{FAE04EC0-301F-11D3-BF4B-00C04F79EFBC}") = "ValideraFx.Core.Tests", "ValideraFx.Core.Tests\ValideraFx.Core.Tests.csproj", "{8C34BF9F-6F20-48C5-A00B-E5F36A559818}"
EndProject
Project("{FAE04EC0-301F-11D3-BF4B-00C04F79EFBC}") = "ValideraFx.Examples.WebApi", "examples\ValideraFx.Examples.WebApi\ValideraFx.Examples.WebApi.csproj", "{6140CC2A-B888-481B-8BF1-0CBF6F0CE769}"
EndProject
Project("{FAE04EC0-301F-11D3-BF4B-00C04F79EFBC}") = "ValideraFx.Web", "ValideraFx.Web\ValideraFx.Web.csproj", "{27DFE3D8-39F1-4923-A276-7A8B0D81B033}"
EndProject
Project("{FAE04EC0-301F-11D3-BF4B-00C04F79EFBC}") = "ValideraFx.Web.Tests", "ValideraFx.Web.Tests\ValideraFx.Web.Tests.csproj", "{97713B57-70C2-46AD-AE22-2652EB1573DC}"
EndProject
Project("{FAE04EC0-301F-11D3-BF4B-00C04F79EFBC}") = "ValideraFx.IntegrationTests.WebApi", "integrationTests\ValideraFx.IntegrationTests.WebApi\ValideraFx.IntegrationTests.WebApi.csproj", "{50EF17F1-4B01-4DE4-81F1-04E84056887D}"
EndProject
Project("{FAE04EC0-301F-11D3-BF4B-00C04F79EFBC}") = "ValideraFx.Examples.Mvc.ExplicitTrust", "examples\ValideraFx.Examples.Mvc.ExplicitTrust\ValideraFx.Examples.Mvc.ExplicitTrust.csproj", "{DE4AA395-BEAF-4C41-A7CC-6457DE00A5E6}"
EndProject
Project("{FAE04EC0-301F-11D3-BF4B-00C04F79EFBC}") = "ValideraFx.IntegrationTests.Mvc.ExplicitTrust", "integrationTests\ValideraFx.IntegrationTests.Mvc.ExplicitTrust\ValideraFx.IntegrationTests.Mvc.ExplicitTrust.csproj", "{F64AA0D3-204B-4E61-84CD-12A96B06AB7C}"
EndProject
Project("{FAE04EC0-301F-11D3-BF4B-00C04F79EFBC}") = "ValideraFx.Examples.WebApi.EnforceValidatedTypes", "examples\ValideraFx.Examples.WebApi.EnforceValidatedTypes\ValideraFx.Examples.WebApi.EnforceValidatedTypes.csproj", "{D3A1C48F-9862-46C0-BDBC-BB36F34D4358}"
EndProject
Project("{FAE04EC0-301F-11D3-BF4B-00C04F79EFBC}") = "ValideraFx.IntegrationTests.WebApi.EnforceValidatedTypes", "integrationTests\ValideraFx.IntegrationTests.WebApi.EnforceValidatedTypes\ValideraFx.IntegrationTests.WebApi.EnforceValidatedTypes.csproj", "{EE5567ED-B82E-471D-BABD-F12CF3B18532}"
EndProject
Global
	GlobalSection(SolutionConfigurationPlatforms) = preSolution
		Debug|Any CPU = Debug|Any CPU
		Release|Any CPU = Release|Any CPU
	EndGlobalSection
	GlobalSection(ProjectConfigurationPlatforms) = postSolution
		{8A226FFA-3C98-4050-9FAB-445C8A6047AD}.Debug|Any CPU.ActiveCfg = Debug|Any CPU
		{8A226FFA-3C98-4050-9FAB-445C8A6047AD}.Debug|Any CPU.Build.0 = Debug|Any CPU
		{8A226FFA-3C98-4050-9FAB-445C8A6047AD}.Release|Any CPU.ActiveCfg = Release|Any CPU
		{8A226FFA-3C98-4050-9FAB-445C8A6047AD}.Release|Any CPU.Build.0 = Release|Any CPU
		{8C34BF9F-6F20-48C5-A00B-E5F36A559818}.Debug|Any CPU.ActiveCfg = Debug|Any CPU
		{8C34BF9F-6F20-48C5-A00B-E5F36A559818}.Debug|Any CPU.Build.0 = Debug|Any CPU
		{8C34BF9F-6F20-48C5-A00B-E5F36A559818}.Release|Any CPU.ActiveCfg = Release|Any CPU
		{8C34BF9F-6F20-48C5-A00B-E5F36A559818}.Release|Any CPU.Build.0 = Release|Any CPU
		{6140CC2A-B888-481B-8BF1-0CBF6F0CE769}.Debug|Any CPU.ActiveCfg = Debug|Any CPU
		{6140CC2A-B888-481B-8BF1-0CBF6F0CE769}.Debug|Any CPU.Build.0 = Debug|Any CPU
		{6140CC2A-B888-481B-8BF1-0CBF6F0CE769}.Release|Any CPU.ActiveCfg = Release|Any CPU
		{6140CC2A-B888-481B-8BF1-0CBF6F0CE769}.Release|Any CPU.Build.0 = Release|Any CPU
		{27DFE3D8-39F1-4923-A276-7A8B0D81B033}.Debug|Any CPU.ActiveCfg = Debug|Any CPU
		{27DFE3D8-39F1-4923-A276-7A8B0D81B033}.Debug|Any CPU.Build.0 = Debug|Any CPU
		{27DFE3D8-39F1-4923-A276-7A8B0D81B033}.Release|Any CPU.ActiveCfg = Release|Any CPU
		{27DFE3D8-39F1-4923-A276-7A8B0D81B033}.Release|Any CPU.Build.0 = Release|Any CPU
		{97713B57-70C2-46AD-AE22-2652EB1573DC}.Debug|Any CPU.ActiveCfg = Debug|Any CPU
		{97713B57-70C2-46AD-AE22-2652EB1573DC}.Debug|Any CPU.Build.0 = Debug|Any CPU
		{97713B57-70C2-46AD-AE22-2652EB1573DC}.Release|Any CPU.ActiveCfg = Release|Any CPU
		{97713B57-70C2-46AD-AE22-2652EB1573DC}.Release|Any CPU.Build.0 = Release|Any CPU
		{50EF17F1-4B01-4DE4-81F1-04E84056887D}.Debug|Any CPU.ActiveCfg = Debug|Any CPU
		{50EF17F1-4B01-4DE4-81F1-04E84056887D}.Debug|Any CPU.Build.0 = Debug|Any CPU
		{50EF17F1-4B01-4DE4-81F1-04E84056887D}.Release|Any CPU.ActiveCfg = Release|Any CPU
		{50EF17F1-4B01-4DE4-81F1-04E84056887D}.Release|Any CPU.Build.0 = Release|Any CPU
		{DE4AA395-BEAF-4C41-A7CC-6457DE00A5E6}.Debug|Any CPU.ActiveCfg = Debug|Any CPU
		{DE4AA395-BEAF-4C41-A7CC-6457DE00A5E6}.Debug|Any CPU.Build.0 = Debug|Any CPU
		{DE4AA395-BEAF-4C41-A7CC-6457DE00A5E6}.Release|Any CPU.ActiveCfg = Release|Any CPU
		{DE4AA395-BEAF-4C41-A7CC-6457DE00A5E6}.Release|Any CPU.Build.0 = Release|Any CPU
		{F64AA0D3-204B-4E61-84CD-12A96B06AB7C}.Debug|Any CPU.ActiveCfg = Debug|Any CPU
		{F64AA0D3-204B-4E61-84CD-12A96B06AB7C}.Debug|Any CPU.Build.0 = Debug|Any CPU
		{F64AA0D3-204B-4E61-84CD-12A96B06AB7C}.Release|Any CPU.ActiveCfg = Release|Any CPU
		{F64AA0D3-204B-4E61-84CD-12A96B06AB7C}.Release|Any CPU.Build.0 = Release|Any CPU
		{D3A1C48F-9862-46C0-BDBC-BB36F34D4358}.Debug|Any CPU.ActiveCfg = Debug|Any CPU
		{D3A1C48F-9862-46C0-BDBC-BB36F34D4358}.Debug|Any CPU.Build.0 = Debug|Any CPU
		{D3A1C48F-9862-46C0-BDBC-BB36F34D4358}.Release|Any CPU.ActiveCfg = Release|Any CPU
		{D3A1C48F-9862-46C0-BDBC-BB36F34D4358}.Release|Any CPU.Build.0 = Release|Any CPU
		{EE5567ED-B82E-471D-BABD-F12CF3B18532}.Debug|Any CPU.ActiveCfg = Debug|Any CPU
		{EE5567ED-B82E-471D-BABD-F12CF3B18532}.Debug|Any CPU.Build.0 = Debug|Any CPU
		{EE5567ED-B82E-471D-BABD-F12CF3B18532}.Release|Any CPU.ActiveCfg = Release|Any CPU
		{EE5567ED-B82E-471D-BABD-F12CF3B18532}.Release|Any CPU.Build.0 = Release|Any CPU
	EndGlobalSection
	GlobalSection(NestedProjects) = preSolution
		{6140CC2A-B888-481B-8BF1-0CBF6F0CE769} = {068999AD-D770-4D93-920D-4BC706858295}
		{DE4AA395-BEAF-4C41-A7CC-6457DE00A5E6} = {068999AD-D770-4D93-920D-4BC706858295}
		{50EF17F1-4B01-4DE4-81F1-04E84056887D} = {13B7139E-2034-4A12-BA1D-ABF5188D4459}
		{F64AA0D3-204B-4E61-84CD-12A96B06AB7C} = {13B7139E-2034-4A12-BA1D-ABF5188D4459}
		{D3A1C48F-9862-46C0-BDBC-BB36F34D4358} = {068999AD-D770-4D93-920D-4BC706858295}
		{EE5567ED-B82E-471D-BABD-F12CF3B18532} = {13B7139E-2034-4A12-BA1D-ABF5188D4459}
	EndGlobalSection
EndGlobal
